
Microsoft Visual Studio Solution File, Format Version 12.00
# Visual Studio Version 17
VisualStudioVersion = 17.5.002.0
MinimumVisualStudioVersion = 10.0.40219.1
Project("{9A19103F-16F7-4668-BE54-9A1E7A4F7556}") = "Real Pin-Pong", "Real Pin-Pong.csproj", "{F29B793E-8D9F-42B7-BE01-D08F814C8406}"
EndProject
Global
	GlobalSection(SolutionConfigurationPlatforms) = preSolution
		Debug|Any CPU = Debug|Any CPU
		Release|Any CPU = Release|Any CPU
	EndGlobalSection
	GlobalSection(ProjectConfigurationPlatforms) = postSolution
		{F29B793E-8D9F-42B7-BE01-D08F814C8406}.Debug|Any CPU.ActiveCfg = Debug|Any CPU
		{F29B793E-8D9F-42B7-BE01-D08F814C8406}.Debug|Any CPU.Build.0 = Debug|Any CPU
		{F29B793E-8D9F-42B7-BE01-D08F814C8406}.Release|Any CPU.ActiveCfg = Release|Any CPU
		{F29B793E-8D9F-42B7-BE01-D08F814C8406}.Release|Any CPU.Build.0 = Release|Any CPU
	EndGlobalSection
	GlobalSection(SolutionProperties) = preSolution
		HideSolutionNode = FALSE
	EndGlobalSection
	GlobalSection(ExtensibilityGlobals) = postSolution
		SolutionGuid = {52C45FFA-A1F6-4192-B908-1E40A323EBF8}
	EndGlobalSection
EndGlobal
